// !$*UTF8*$!
{
	archiveVersion = 1;
	classes = {
	};
	objectVersion = 50;
	objects = {

/* Begin PBXBuildFile section */
		9E7496CF241A2844004C4149 /* ImSDK.framework in Frameworks */ = {isa = PBXBuildFile; fileRef = 9EC7D7B5241A06FF0081D7C3 /* ImSDK.framework */; settings = {ATTRIBUTES = (Required, ); }; };
		9EB9016C241A3D340031D91D /* ImSDK.framework in Embed Frameworks */ = {isa = PBXBuildFile; fileRef = 9EC7D7B5241A06FF0081D7C3 /* ImSDK.framework */; settings = {ATTRIBUTES = (CodeSignOnCopy, RemoveHeadersOnCopy, ); }; };
		9EC7D7A1241A06B20081D7C3 /* AppDelegate.m in Sources */ = {isa = PBXBuildFile; fileRef = 9EC7D7A0241A06B20081D7C3 /* AppDelegate.m */; };
		9EC7D7A4241A06B20081D7C3 /* ViewController.m in Sources */ = {isa = PBXBuildFile; fileRef = 9EC7D7A3241A06B20081D7C3 /* ViewController.m */; };
		9EC7D7A7241A06B20081D7C3 /* Main.storyboard in Resources */ = {isa = PBXBuildFile; fileRef = 9EC7D7A5241A06B20081D7C3 /* Main.storyboard */; };
		9EC7D7A9241A06B50081D7C3 /* Assets.xcassets in Resources */ = {isa = PBXBuildFile; fileRef = 9EC7D7A8241A06B50081D7C3 /* Assets.xcassets */; };
		9EC7D7AC241A06B50081D7C3 /* LaunchScreen.storyboard in Resources */ = {isa = PBXBuildFile; fileRef = 9EC7D7AA241A06B50081D7C3 /* LaunchScreen.storyboard */; };
		9EC7D7AF241A06B50081D7C3 /* main.m in Sources */ = {isa = PBXBuildFile; fileRef = 9EC7D7AE241A06B50081D7C3 /* main.m */; };
/* End PBXBuildFile section */

/* Begin PBXCopyFilesBuildPhase section */
		9EB9016D241A3D350031D91D /* Embed Frameworks */ = {
			isa = PBXCopyFilesBuildPhase;
			buildActionMask = 2147483647;
			dstPath = "";
			dstSubfolderSpec = 10;
			files = (
				9EB9016C241A3D340031D91D /* ImSDK.framework in Embed Frameworks */,
			);
			name = "Embed Frameworks";
			runOnlyForDeploymentPostprocessing = 0;
		};
/* End PBXCopyFilesBuildPhase section */

/* Begin PBXFileReference section */
		9EB90168241A347A0031D91D /* ImSDK.framework */ = {isa = PBXFileReference; lastKnownFileType = wrapper.framework; name = ImSDK.framework; path = timsdk/ImSDK.framework; sourceTree = "<group>"; };
		9EC7D79C241A06B20081D7C3 /* timsdk.app */ = {isa = PBXFileReference; explicitFileType = wrapper.application; includeInIndex = 0; path = timsdk.app; sourceTree = BUILT_PRODUCTS_DIR; };
		9EC7D79F241A06B20081D7C3 /* AppDelegate.h */ = {isa = PBXFileReference; lastKnownFileType = sourcecode.c.h; path = AppDelegate.h; sourceTree = "<group>"; };
		9EC7D7A0241A06B20081D7C3 /* AppDelegate.m */ = {isa = PBXFileReference; lastKnownFileType = sourcecode.c.objc; path = AppDelegate.m; sourceTree = "<group>"; };
		9EC7D7A2241A06B20081D7C3 /* ViewController.h */ = {isa = PBXFileReference; lastKnownFileType = sourcecode.c.h; path = ViewController.h; sourceTree = "<group>"; };
		9EC7D7A3241A06B20081D7C3 /* ViewController.m */ = {isa = PBXFileReference; lastKnownFileType = sourcecode.c.objc; path = ViewController.m; sourceTree = "<group>"; };
		9EC7D7A6241A06B20081D7C3 /* Base */ = {isa = PBXFileReference; lastKnownFileType = file.storyboard; name = Base; path = Base.lproj/Main.storyboard; sourceTree = "<group>"; };
		9EC7D7A8241A06B50081D7C3 /* Assets.xcassets */ = {isa = PBXFileReference; lastKnownFileType = folder.assetcatalog; path = Assets.xcassets; sourceTree = "<group>"; };
		9EC7D7AB241A06B50081D7C3 /* Base */ = {isa = PBXFileReference; lastKnownFileType = file.storyboard; name = Base; path = Base.lproj/LaunchScreen.storyboard; sourceTree = "<group>"; };
		9EC7D7AD241A06B50081D7C3 /* Info.plist */ = {isa = PBXFileReference; lastKnownFileType = text.plist.xml; path = Info.plist; sourceTree = "<group>"; };
		9EC7D7AE241A06B50081D7C3 /* main.m */ = {isa = PBXFileReference; lastKnownFileType = sourcecode.c.objc; path = main.m; sourceTree = "<group>"; };
		9EC7D7B5241A06FF0081D7C3 /* ImSDK.framework */ = {isa = PBXFileReference; lastKnownFileType = wrapper.framework; path = ImSDK.framework; sourceTree = "<group>"; };
/* End PBXFileReference section */

/* Begin PBXFrameworksBuildPhase section */
		9EC7D799241A06B20081D7C3 /* Frameworks */ = {
			isa = PBXFrameworksBuildPhase;
			buildActionMask = 2147483647;
			files = (
				9E7496CF241A2844004C4149 /* ImSDK.framework in Frameworks */,
			);
			runOnlyForDeploymentPostprocessing = 0;
		};
/* End PBXFrameworksBuildPhase section */

/* Begin PBXGroup section */
		9E7496CE241A2844004C4149 /* Frameworks */ = {
			isa = PBXGroup;
			children = (
			);
			name = Frameworks;
			sourceTree = "<group>";
		};
		9EC7D793241A06B10081D7C3 = {
			isa = PBXGroup;
			children = (
				9EB90168241A347A0031D91D /* ImSDK.framework */,
				9EC7D79E241A06B20081D7C3 /* timsdk */,
				9EC7D79D241A06B20081D7C3 /* Products */,
				9E7496CE241A2844004C4149 /* Frameworks */,
			);
			sourceTree = "<group>";
		};
		9EC7D79D241A06B20081D7C3 /* Products */ = {
			isa = PBXGroup;
			children = (
				9EC7D79C241A06B20081D7C3 /* timsdk.app */,
			);
			name = Products;
			sourceTree = "<group>";
		};
		9EC7D79E241A06B20081D7C3 /* timsdk */ = {
			isa = PBXGroup;
			children = (
				9EC7D79F241A06B20081D7C3 /* AppDelegate.h */,
				9EC7D7A0241A06B20081D7C3 /* AppDelegate.m */,
				9EC7D7B5241A06FF0081D7C3 /* ImSDK.framework */,
				9EC7D7A2241A06B20081D7C3 /* ViewController.h */,
				9EC7D7A3241A06B20081D7C3 /* ViewController.m */,
				9EC7D7A5241A06B20081D7C3 /* Main.storyboard */,
				9EC7D7A8241A06B50081D7C3 /* Assets.xcassets */,
				9EC7D7AA241A06B50081D7C3 /* LaunchScreen.storyboard */,
				9EC7D7AD241A06B50081D7C3 /* Info.plist */,
				9EC7D7AE241A06B50081D7C3 /* main.m */,
			);
			path = timsdk;
			sourceTree = "<group>";
		};
/* End PBXGroup section */

/* Begin PBXNativeTarget section */
		9EC7D79B241A06B20081D7C3 /* timsdk */ = {
			isa = PBXNativeTarget;
			buildConfigurationList = 9EC7D7B2241A06B50081D7C3 /* Build configuration list for PBXNativeTarget "timsdk" */;
			buildPhases = (
				9EC7D798241A06B20081D7C3 /* Sources */,
				9EC7D799241A06B20081D7C3 /* Frameworks */,
				9EC7D79A241A06B20081D7C3 /* Resources */,
				9EB9016D241A3D350031D91D /* Embed Frameworks */,
			);
			buildRules = (
			);
			dependencies = (
			);
			name = timsdk;
			productName = timsdk;
			productReference = 9EC7D79C241A06B20081D7C3 /* timsdk.app */;
			productType = "com.apple.product-type.application";
		};
/* End PBXNativeTarget section */

/* Begin PBXProject section */
		9EC7D794241A06B10081D7C3 /* Project object */ = {
			isa = PBXProject;
			attributes = {
				LastUpgradeCheck = 1020;
				ORGANIZATIONNAME = seol;
				TargetAttributes = {
					9EC7D79B241A06B20081D7C3 = {
						CreatedOnToolsVersion = 10.2.1;
					};
				};
			};
			buildConfigurationList = 9EC7D797241A06B10081D7C3 /* Build configuration list for PBXProject "timsdk" */;
			compatibilityVersion = "Xcode 9.3";
			developmentRegion = en;
			hasScannedForEncodings = 0;
			knownRegions = (
				en,
				Base,
			);
			mainGroup = 9EC7D793241A06B10081D7C3;
			productRefGroup = 9EC7D79D241A06B20081D7C3 /* Products */;
			projectDirPath = "";
			projectRoot = "";
			targets = (
				9EC7D79B241A06B20081D7C3 /* timsdk */,
			);
		};
/* End PBXProject section */

/* Begin PBXResourcesBuildPhase section */
		9EC7D79A241A06B20081D7C3 /* Resources */ = {
			isa = PBXResourcesBuildPhase;
			buildActionMask = 2147483647;
			files = (
				9EC7D7AC241A06B50081D7C3 /* LaunchScreen.storyboard in Resources */,
				9EC7D7A9241A06B50081D7C3 /* Assets.xcassets in Resources */,
				9EC7D7A7241A06B20081D7C3 /* Main.storyboard in Resources */,
			);
			runOnlyForDeploymentPostprocessing = 0;
		};
/* End PBXResourcesBuildPhase section */

/* Begin PBXSourcesBuildPhase section */
		9EC7D798241A06B20081D7C3 /* Sources */ = {
			isa = PBXSourcesBuildPhase;
			buildActionMask = 2147483647;
			files = (
				9EC7D7A4241A06B20081D7C3 /* ViewController.m in Sources */,
				9EC7D7AF241A06B50081D7C3 /* main.m in Sources */,
				9EC7D7A1241A06B20081D7C3 /* AppDelegate.m in Sources */,
			);
			runOnlyForDeploymentPostprocessing = 0;
		};
/* End PBXSourcesBuildPhase section */

/* Begin PBXVariantGroup section */
		9EC7D7A5241A06B20081D7C3 /* Main.storyboard */ = {
			isa = PBXVariantGroup;
			children = (
				9EC7D7A6241A06B20081D7C3 /* Base */,
			);
			name = Main.storyboard;
			sourceTree = "<group>";
		};
		9EC7D7AA241A06B50081D7C3 /* LaunchScreen.storyboard */ = {
			isa = PBXVariantGroup;
			children = (
				9EC7D7AB241A06B50081D7C3 /* Base */,
			);
			name = LaunchScreen.storyboard;
			sourceTree = "<group>";
		};
/* End PBXVariantGroup section */

/* Begin XCBuildConfiguration section */
		9EC7D7B0241A06B50081D7C3 /* Debug */ = {
			isa = XCBuildConfiguration;
			buildSettings = {
				ALWAYS_SEARCH_USER_PATHS = NO;
				CLANG_ANALYZER_NONNULL = YES;
				CLANG_ANALYZER_NUMBER_OBJECT_CONVERSION = YES_AGGRESSIVE;
				CLANG_CXX_LANGUAGE_STANDARD = "gnu++14";
				CLANG_CXX_LIBRARY = "libc++";
				CLANG_ENABLE_MODULES = YES;
				CLANG_ENABLE_OBJC_ARC = YES;
				CLANG_ENABLE_OBJC_WEAK = YES;
				CLANG_WARN_BLOCK_CAPTURE_AUTORELEASING = YES;
				CLANG_WARN_BOOL_CONVERSION = YES;
				CLANG_WARN_COMMA = YES;
				CLANG_WARN_CONSTANT_CONVERSION = YES;
				CLANG_WARN_DEPRECATED_OBJC_IMPLEMENTATIONS = YES;
				CLANG_WARN_DIRECT_OBJC_ISA_USAGE = YES_ERROR;
				CLANG_WARN_DOCUMENTATION_COMMENTS = YES;
				CLANG_WARN_EMPTY_BODY = YES;
				CLANG_WARN_ENUM_CONVERSION = YES;
				CLANG_WARN_INFINITE_RECURSION = YES;
				CLANG_WARN_INT_CONVERSION = YES;
				CLANG_WARN_NON_LITERAL_NULL_CONVERSION = YES;
				CLANG_WARN_OBJC_IMPLICIT_RETAIN_SELF = YES;
				CLANG_WARN_OBJC_LITERAL_CONVERSION = YES;
				CLANG_WARN_OBJC_ROOT_CLASS = YES_ERROR;
				CLANG_WARN_RANGE_LOOP_ANALYSIS = YES;
				CLANG_WARN_STRICT_PROTOTYPES = YES;
				CLANG_WARN_SUSPICIOUS_MOVE = YES;
				CLANG_WARN_UNGUARDED_AVAILABILITY = YES_AGGRESSIVE;
				CLANG_WARN_UNREACHABLE_CODE = YES;
				CLANG_WARN__DUPLICATE_METHOD_MATCH = YES;
				CODE_SIGN_IDENTITY = "iPhone Developer";
				COPY_PHASE_STRIP = NO;
				DEBUG_INFORMATION_FORMAT = dwarf;
				ENABLE_STRICT_OBJC_MSGSEND = YES;
				ENABLE_TESTABILITY = YES;
				GCC_C_LANGUAGE_STANDARD = gnu11;
				GCC_DYNAMIC_NO_PIC = NO;
				GCC_NO_COMMON_BLOCKS = YES;
				GCC_OPTIMIZATION_LEVEL = 0;
				GCC_PREPROCESSOR_DEFINITIONS = (
					"DEBUG=1",
					"$(inherited)",
				);
				GCC_WARN_64_TO_32_BIT_CONVERSION = YES;
				GCC_WARN_ABOUT_RETURN_TYPE = YES_ERROR;
				GCC_WARN_UNDECLARED_SELECTOR = YES;
				GCC_WARN_UNINITIALIZED_AUTOS = YES_AGGRESSIVE;
				GCC_WARN_UNUSED_FUNCTION = YES;
				GCC_WARN_UNUSED_VARIABLE = YES;
				IPHONEOS_DEPLOYMENT_TARGET = 12.2;
				MTL_ENABLE_DEBUG_INFO = INCLUDE_SOURCE;
				MTL_FAST_MATH = YES;
				ONLY_ACTIVE_ARCH = YES;
				SDKROOT = iphoneos;
			};
			name = Debug;
		};
		9EC7D7B1241A06B50081D7C3 /* Release */ = {
			isa = XCBuildConfiguration;
			buildSettings = {
				ALWAYS_SEARCH_USER_PATHS = NO;
				CLANG_ANALYZER_NONNULL = YES;
				CLANG_ANALYZER_NUMBER_OBJECT_CONVERSION = YES_AGGRESSIVE;
				CLANG_CXX_LANGUAGE_STANDARD = "gnu++14";
				CLANG_CXX_LIBRARY = "libc++";
				CLANG_ENABLE_MODULES = YES;
				CLANG_ENABLE_OBJC_ARC = YES;
				CLANG_ENABLE_OBJC_WEAK = YES;
				CLANG_WARN_BLOCK_CAPTURE_AUTORELEASING = YES;
				CLANG_WARN_BOOL_CONVERSION = YES;
				CLANG_WARN_COMMA = YES;
				CLANG_WARN_CONSTANT_CONVERSION = YES;
				CLANG_WARN_DEPRECATED_OBJC_IMPLEMENTATIONS = YES;
				CLANG_WARN_DIRECT_OBJC_ISA_USAGE = YES_ERROR;
				CLANG_WARN_DOCUMENTATION_COMMENTS = YES;
				CLANG_WARN_EMPTY_BODY = YES;
				CLANG_WARN_ENUM_CONVERSION = YES;
				CLANG_WARN_INFINITE_RECURSION = YES;
				CLANG_WARN_INT_CONVERSION = YES;
				CLANG_WARN_NON_LITERAL_NULL_CONVERSION = YES;
				CLANG_WARN_OBJC_IMPLICIT_RETAIN_SELF = YES;
				CLANG_WARN_OBJC_LITERAL_CONVERSION = YES;
				CLANG_WARN_OBJC_ROOT_CLASS = YES_ERROR;
				CLANG_WARN_RANGE_LOOP_ANALYSIS = YES;
				CLANG_WARN_STRICT_PROTOTYPES = YES;
				CLANG_WARN_SUSPICIOUS_MOVE = YES;
				CLANG_WARN_UNGUARDED_AVAILABILITY = YES_AGGRESSIVE;
				CLANG_WARN_UNREACHABLE_CODE = YES;
				CLANG_WARN__DUPLICATE_METHOD_MATCH = YES;
				CODE_SIGN_IDENTITY = "iPhone Developer";
				COPY_PHASE_STRIP = NO;
				DEBUG_INFORMATION_FORMAT = "dwarf-with-dsym";
				ENABLE_NS_ASSERTIONS = NO;
				ENABLE_STRICT_OBJC_MSGSEND = YES;
				GCC_C_LANGUAGE_STANDARD = gnu11;
				GCC_NO_COMMON_BLOCKS = YES;
				GCC_WARN_64_TO_32_BIT_CONVERSION = YES;
				GCC_WARN_ABOUT_RETURN_TYPE = YES_ERROR;
				GCC_WARN_UNDECLARED_SELECTOR = YES;
				GCC_WARN_UNINITIALIZED_AUTOS = YES_AGGRESSIVE;
				GCC_WARN_UNUSED_FUNCTION = YES;
				GCC_WARN_UNUSED_VARIABLE = YES;
				IPHONEOS_DEPLOYMENT_TARGET = 12.2;
				MTL_ENABLE_DEBUG_INFO = NO;
				MTL_FAST_MATH = YES;
				SDKROOT = iphoneos;
				VALIDATE_PRODUCT = YES;
			};
			name = Release;
		};
		9EC7D7B3241A06B50081D7C3 /* Debug */ = {
			isa = XCBuildConfiguration;
			buildSettings = {
				ASSETCATALOG_COMPILER_APPICON_NAME = AppIcon;
				CODE_SIGN_STYLE = Automatic;
				DEVELOPMENT_TEAM = 2KAA58PW4Y;
				FRAMEWORK_SEARCH_PATHS = (
					"$(inherited)",
					"$(PROJECT_DIR)/timsdk",
				);
				INFOPLIST_FILE = timsdk/Info.plist;
				LD_RUNPATH_SEARCH_PATHS = (
					"$(inherited)",
					"@executable_path/Frameworks",
				);
				MACH_O_TYPE = mh_execute;
				OTHER_LDFLAGS = "-ObjC";
				PRODUCT_BUNDLE_IDENTIFIER = setsuodu1.timsdk;
				PRODUCT_NAME = "$(TARGET_NAME)";
				TARGETED_DEVICE_FAMILY = "1,2";
			};
			name = Debug;
		};
		9EC7D7B4241A06B50081D7C3 /* Release */ = {
			isa = XCBuildConfiguration;
			buildSettings = {
				ASSETCATALOG_COMPILER_APPICON_NAME = AppIcon;
				CODE_SIGN_STYLE = Automatic;
				DEVELOPMENT_TEAM = 2KAA58PW4Y;
				FRAMEWORK_SEARCH_PATHS = (
					"$(inherited)",
					"$(PROJECT_DIR)/timsdk",
				);
				INFOPLIST_FILE = timsdk/Info.plist;
				LD_RUNPATH_SEARCH_PATHS = (
					"$(inherited)",
					"@executable_path/Frameworks",
				);
				MACH_O_TYPE = mh_execute;
				OTHER_LDFLAGS = "-ObjC";
				PRODUCT_BUNDLE_IDENTIFIER = setsuodu1.timsdk;
				PRODUCT_NAME = "$(TARGET_NAME)";
				TARGETED_DEVICE_FAMILY = "1,2";
			};
			name = Release;
		};
/* End XCBuildConfiguration section */

/* Begin XCConfigurationList section */
		9EC7D797241A06B10081D7C3 /* Build configuration list for PBXProject "timsdk" */ = {
			isa = XCConfigurationList;
			buildConfigurations = (
				9EC7D7B0241A06B50081D7C3 /* Debug */,
				9EC7D7B1241A06B50081D7C3 /* Release */,
			);
			defaultConfigurationIsVisible = 0;
			defaultConfigurationName = Release;
		};
		9EC7D7B2241A06B50081D7C3 /* Build configuration list for PBXNativeTarget "timsdk" */ = {
			isa = XCConfigurationList;
			buildConfigurations = (
				9EC7D7B3241A06B50081D7C3 /* Debug */,
				9EC7D7B4241A06B50081D7C3 /* Release */,
			);
			defaultConfigurationIsVisible = 0;
			defaultConfigurationName = Release;
		};
/* End XCConfigurationList section */
	};
	rootObject = 9EC7D794241A06B10081D7C3 /* Project object */;
}
